
Microsoft Visual Studio Solution File, Format Version 12.00
# Visual Studio 15
VisualStudioVersion = 15.0.27130.2010
MinimumVisualStudioVersion = 10.0.40219.1
Project("{FAE04EC0-301F-11D3-BF4B-00C04F79EFBC}") = "UmbracoSoa2", "UmbracoSoa2\UmbracoSoa2.csproj", "{3295FB55-F8DD-4D00-A1A3-2D2856F8A41D}"
EndProject
Global
	GlobalSection(SolutionConfigurationPlatforms) = preSolution
		Debug|Any CPU = Debug|Any CPU
		Release|Any CPU = Release|Any CPU
	EndGlobalSection
	GlobalSection(ProjectConfigurationPlatforms) = postSolution
		{3295FB55-F8DD-4D00-A1A3-2D2856F8A41D}.Debug|Any CPU.ActiveCfg = Debug|Any CPU
		{3295FB55-F8DD-4D00-A1A3-2D2856F8A41D}.Debug|Any CPU.Build.0 = Debug|Any CPU
		{3295FB55-F8DD-4D00-A1A3-2D2856F8A41D}.Release|Any CPU.ActiveCfg = Release|Any CPU
		{3295FB55-F8DD-4D00-A1A3-2D2856F8A41D}.Release|Any CPU.Build.0 = Release|Any CPU
	EndGlobalSection
	GlobalSection(SolutionProperties) = preSolution
		HideSolutionNode = FALSE
	EndGlobalSection
	GlobalSection(ExtensibilityGlobals) = postSolution
		SolutionGuid = {87866F8A-B0DD-46AB-BE66-B3C65901DF1C}
	EndGlobalSection
EndGlobal
